{
  "name": "balazsorban-com-new",
  "version": "1.0.0",
  "lockfileVersion": 1,
  "requires": true,
  "dependencies": {
    "react-google-material-icons": {
      "version": "1.0.4",
      "resolved": "https://registry.npmjs.org/react-google-material-icons/-/react-google-material-icons-1.0.4.tgz",
      "integrity": "sha1-8LKE+XQ1MWdEN2M5BE52Fs7Wv8E="
    }
  }
}
